
Microsoft Visual Studio Solution File, Format Version 12.00
# Visual Studio 2013
VisualStudioVersion = 12.0.21005.1
MinimumVisualStudioVersion = 10.0.40219.1
Project("{FAE04EC0-301F-11D3-BF4B-00C04F79EFBC}") = "SISAC.DATOS", "SISAC.DATOS\SISAC.DATOS.csproj", "{C51A5F24-E014-42C0-BA17-B65E7BE34A73}"
EndProject
Project("{FAE04EC0-301F-11D3-BF4B-00C04F79EFBC}") = "SISAC.NEGOCIO", "SISAC.NEGOCIO\SISAC.NEGOCIO.csproj", "{EECD964A-3DB6-4AC1-A5E1-E3FAC270FBAA}"
EndProject
Project("{FAE04EC0-301F-11D3-BF4B-00C04F79EFBC}") = "AppSISAC", "AppSISAC\AppSISAC.csproj", "{D6B579E9-6A03-4248-8781-A4DEE65F6426}"
EndProject
Global
	GlobalSection(SolutionConfigurationPlatforms) = preSolution
		Debug|Any CPU = Debug|Any CPU
		Release|Any CPU = Release|Any CPU
	EndGlobalSection
	GlobalSection(ProjectConfigurationPlatforms) = postSolution
		{C51A5F24-E014-42C0-BA17-B65E7BE34A73}.Debug|Any CPU.ActiveCfg = Debug|Any CPU
		{C51A5F24-E014-42C0-BA17-B65E7BE34A73}.Debug|Any CPU.Build.0 = Debug|Any CPU
		{C51A5F24-E014-42C0-BA17-B65E7BE34A73}.Release|Any CPU.ActiveCfg = Release|Any CPU
		{C51A5F24-E014-42C0-BA17-B65E7BE34A73}.Release|Any CPU.Build.0 = Release|Any CPU
		{EECD964A-3DB6-4AC1-A5E1-E3FAC270FBAA}.Debug|Any CPU.ActiveCfg = Debug|Any CPU
		{EECD964A-3DB6-4AC1-A5E1-E3FAC270FBAA}.Debug|Any CPU.Build.0 = Debug|Any CPU
		{EECD964A-3DB6-4AC1-A5E1-E3FAC270FBAA}.Release|Any CPU.ActiveCfg = Release|Any CPU
		{EECD964A-3DB6-4AC1-A5E1-E3FAC270FBAA}.Release|Any CPU.Build.0 = Release|Any CPU
		{D6B579E9-6A03-4248-8781-A4DEE65F6426}.Debug|Any CPU.ActiveCfg = Debug|Any CPU
		{D6B579E9-6A03-4248-8781-A4DEE65F6426}.Debug|Any CPU.Build.0 = Debug|Any CPU
		{D6B579E9-6A03-4248-8781-A4DEE65F6426}.Release|Any CPU.ActiveCfg = Release|Any CPU
		{D6B579E9-6A03-4248-8781-A4DEE65F6426}.Release|Any CPU.Build.0 = Release|Any CPU
	EndGlobalSection
	GlobalSection(SolutionProperties) = preSolution
		HideSolutionNode = FALSE
	EndGlobalSection
EndGlobal
